{
  "name": "ifbot",
  "version": "1.0.0",
  "lockfileVersion": 2,
  "requires": true,
  "packages": {
    "": {
      "name": "ifbot",
      "version": "1.0.0",
      "license": "ISC",
      "dependencies": {
        "@prisma/client": "^4.11.0",
        "playwright": "^1.31.2",
        "playwright-extra": "^4.3.6",
        "puppeteer-extra-plugin-stealth": "^2.11.2",
        "string-similarity": "^4.0.4"
      },
      "devDependencies": {
        "@types/node": "^18.15.5",
        "@types/string-similarity": "^4.0.0",
        "prisma": "^4.11.0",
        "sucrase": "^3.32.0",
        "typescript": "^5.0.4"
      }
    },
    "../node_modules/.pnpm/@types+node@18.15.5/node_modules/@types/node": {
      "version": "18.15.5",
      "dev": true,
      "license": "MIT"
    },
    "../node_modules/.pnpm/@types+string-similarity@4.0.0/node_modules/@types/string-similarity": {
      "version": "4.0.0",
      "dev": true,
      "license": "MIT"
    },
    "../node_modules/.pnpm/playwright-extra@4.3.6_playwright@1.31.2/node_modules/playwright-extra": {
      "version": "4.3.6",
      "license": "MIT",
      "dependencies": {
        "debug": "^4.3.4"
      },
      "devDependencies": {
        "@playwright/test": "^1.23.1",
        "@types/debug": "^4.1.7",
        "@types/node": "^18.0.0",
        "esbuild": "^0.14.47",
        "esbuild-register": "^3.3.3",
        "npm-run-all": "^4.1.5",
        "playwright": "1.24.2",
        "prettier": "^2.7.1",
        "puppeteer-extra-plugin": "^3.2.3",
        "puppeteer-extra-plugin-anonymize-ua": "^2.4.5",
        "rimraf": "^3.0.0",
        "rollup": "^1.27.5",
        "rollup-plugin-commonjs": "^10.1.0",
        "rollup-plugin-node-resolve": "^5.2.0",
        "rollup-plugin-sourcemaps": "^0.4.2",
        "rollup-plugin-typescript2": "^0.25.2",
        "typescript": "4.4.3"
      },
      "engines": {
        "node": ">=12"
      },
      "peerDependencies": {
        "playwright": "*",
        "playwright-core": "*"
      },
      "peerDependenciesMeta": {
        "playwright": {
          "optional": true
        },
        "playwright-core": {
          "optional": true
        }
      }
    },
    "../node_modules/.pnpm/playwright@1.31.2/node_modules/playwright": {
      "version": "1.31.2",
      "hasInstallScript": true,
      "license": "Apache-2.0",
      "dependencies": {
        "playwright-core": "1.31.2"
      },
      "bin": {
        "playwright": "cli.js"
      },
      "engines": {
        "node": ">=14"
      }
    },
    "../node_modules/.pnpm/prisma@4.11.0/node_modules/prisma": {
      "version": "4.11.0",
      "devOptional": true,
      "hasInstallScript": true,
      "license": "Apache-2.0",
      "dependencies": {
        "@prisma/engines": "4.11.0"
      },
      "bin": {
        "prisma": "build/index.js",
        "prisma2": "build/index.js"
      },
      "devDependencies": {
        "@prisma/client": "4.11.0",
        "@prisma/debug": "4.11.0",
        "@prisma/fetch-engine": "4.11.0",
        "@prisma/generator-helper": "4.11.0",
        "@prisma/get-platform": "4.11.0",
        "@prisma/internals": "4.11.0",
        "@prisma/migrate": "4.11.0",
        "@prisma/studio": "0.483.0",
        "@prisma/studio-server": "0.483.0",
        "@swc/core": "1.3.32",
        "@swc/jest": "0.2.24",
        "@types/debug": "4.1.7",
        "@types/fs-extra": "9.0.13",
        "@types/jest": "29.4.0",
        "@types/rimraf": "3.0.2",
        "chalk": "4.1.2",
        "checkpoint-client": "1.1.23",
        "debug": "4.3.4",
        "dotenv": "16.0.3",
        "esbuild": "0.15.13",
        "execa": "5.1.1",
        "fast-deep-equal": "3.1.3",
        "fast-glob": "3.2.12",
        "fs-extra": "11.1.0",
        "fs-jetpack": "5.1.0",
        "get-port": "5.1.1",
        "global-dirs": "3.0.1",
        "is-installed-globally": "0.4.0",
        "jest": "29.4.1",
        "jest-junit": "15.0.0",
        "line-replace": "2.0.1",
        "log-update": "4.0.0",
        "node-fetch": "2.6.9",
        "open": "7.4.2",
        "pkg-up": "3.1.0",
        "resolve-pkg": "2.0.0",
        "rimraf": "3.0.2",
        "strip-ansi": "6.0.1",
        "ts-pattern": "4.1.3",
        "typescript": "4.9.5"
      },
      "engines": {
        "node": ">=14.17"
      }
    },
    "../node_modules/.pnpm/puppeteer-extra-plugin-stealth@2.11.2_playwright-extra@4.3.6/node_modules/puppeteer-extra-plugin-stealth": {
      "version": "2.11.2",
      "license": "MIT",
      "dependencies": {
        "debug": "^4.1.1",
        "puppeteer-extra-plugin": "^3.2.3",
        "puppeteer-extra-plugin-user-preferences": "^2.4.1"
      },
      "devDependencies": {
        "ava": "2.4.0",
        "documentation-markdown-themes": "^12.1.5",
        "fpcollect": "^1.0.4",
        "fpscanner": "^0.1.5",
        "loop": "^3.0.6",
        "npm-run-all": "^4.1.5",
        "puppeteer": "9"
      },
      "engines": {
        "node": ">=8"
      },
      "peerDependencies": {
        "playwright-extra": "*",
        "puppeteer-extra": "*"
      },
      "peerDependenciesMeta": {
        "playwright-extra": {
          "optional": true
        },
        "puppeteer-extra": {
          "optional": true
        }
      }
    },
    "../node_modules/.pnpm/string-similarity@4.0.4/node_modules/string-similarity": {
      "version": "4.0.4",
      "license": "ISC",
      "devDependencies": {
        "jasmine": "^3.6.3",
        "webpack": "^5.11.1",
        "webpack-cli": "^4.3.1"
      }
    },
    "../node_modules/.pnpm/sucrase@3.32.0/node_modules/sucrase": {
      "version": "3.32.0",
      "dev": true,
      "license": "MIT",
      "dependencies": {
        "@jridgewell/gen-mapping": "^0.3.2",
        "commander": "^4.0.0",
        "glob": "7.1.6",
        "lines-and-columns": "^1.1.6",
        "mz": "^2.7.0",
        "pirates": "^4.0.1",
        "ts-interface-checker": "^0.1.9"
      },
      "bin": {
        "sucrase": "bin/sucrase",
        "sucrase-node": "bin/sucrase-node"
      },
      "devDependencies": {
        "@babel/core": "^7.18.6",
        "@jridgewell/trace-mapping": "^0.3.18",
        "@types/glob": "^7",
        "@types/mocha": "^9.1.1",
        "@types/mz": "^2.7.4",
        "@types/node": "^17.0.41",
        "@typescript-eslint/eslint-plugin": "^5.27.1",
        "@typescript-eslint/parser": "^5.27.1",
        "chalk": "^4",
        "codecov": "^3.8.3",
        "eslint": "^8.17.0",
        "eslint-config-airbnb-base": "^15.0.0",
        "eslint-config-prettier": "^8.5.0",
        "eslint-plugin-import": "~2.26",
        "eslint-plugin-prettier": "^4.0.0",
        "mocha": "^10.0.0",
        "nyc": "^15.1.0",
        "prettier": "^2.6.2",
        "sucrase": "^3.31.0",
        "test262-harness": "^10.0.0",
        "ts-interface-builder": "^0.3.3",
        "typescript": "~4.7"
      },
      "engines": {
        "node": ">=8"
      }
    },
    "../node_modules/.pnpm/typescript@5.0.4/node_modules/typescript": {
      "version": "5.0.4",
      "dev": true,
      "license": "Apache-2.0",
      "bin": {
        "tsc": "bin/tsc",
        "tsserver": "bin/tsserver"
      },
      "devDependencies": {
        "@esfx/canceltoken": "^1.0.0",
        "@octokit/rest": "latest",
        "@types/chai": "^4.3.4",
        "@types/fs-extra": "^9.0.13",
        "@types/glob": "^8.1.0",
        "@types/microsoft__typescript-etw": "^0.1.1",
        "@types/minimist": "^1.2.2",
        "@types/mocha": "^10.0.1",
        "@types/ms": "^0.7.31",
        "@types/node": "latest",
        "@types/source-map-support": "^0.5.6",
        "@types/which": "^2.0.1",
        "@typescript-eslint/eslint-plugin": "^5.33.1",
        "@typescript-eslint/parser": "^5.33.1",
        "@typescript-eslint/utils": "^5.33.1",
        "azure-devops-node-api": "^11.2.0",
        "chai": "^4.3.7",
        "chalk": "^4.1.2",
        "chokidar": "^3.5.3",
        "del": "^6.1.1",
        "diff": "^5.1.0",
        "esbuild": "^0.17.2",
        "eslint": "^8.22.0",
        "eslint-formatter-autolinkable-stylish": "^1.2.0",
        "eslint-plugin-import": "^2.26.0",
        "eslint-plugin-local": "^1.0.0",
        "eslint-plugin-no-null": "^1.0.2",
        "eslint-plugin-simple-import-sort": "^10.0.0",
        "fast-xml-parser": "^4.0.11",
        "fs-extra": "^9.1.0",
        "glob": "^8.1.0",
        "hereby": "^1.6.4",
        "jsonc-parser": "^3.2.0",
        "minimist": "^1.2.8",
        "mocha": "^10.2.0",
        "mocha-fivemat-progress-reporter": "^0.1.0",
        "ms": "^2.1.3",
        "node-fetch": "^3.2.10",
        "source-map-support": "^0.5.21",
        "typescript": "5.0.0-dev.20230112",
        "which": "^2.0.2"
      },
      "engines": {
        "node": ">=12.20"
      }
    },
    "node_modules/@prisma/client": {
      "version": "4.11.0",
      "resolved": "https://registry.npmjs.org/@prisma/client/-/client-4.11.0.tgz",
      "integrity": "sha512-0INHYkQIqgAjrt7NzhYpeDQi8x3Nvylc2uDngKyFDDj1tTRQ4uV1HnVmd1sQEraeVAN63SOK0dgCKQHlvjL0KA==",
      "hasInstallScript": true,
      "dependencies": {
        "@prisma/engines-version": "4.11.0-57.8fde8fef4033376662cad983758335009d522acb"
      },
      "engines": {
        "node": ">=14.17"
      },
      "peerDependencies": {
        "prisma": "*"
      },
      "peerDependenciesMeta": {
        "prisma": {
          "optional": true
        }
      }
    },
    "node_modules/@prisma/engines-version": {
      "version": "4.11.0-57.8fde8fef4033376662cad983758335009d522acb",
      "resolved": "https://registry.npmjs.org/@prisma/engines-version/-/engines-version-4.11.0-57.8fde8fef4033376662cad983758335009d522acb.tgz",
      "integrity": "sha512-3Vd8Qq06d5xD8Ch5WauWcUUrsVPdMC6Ge8ILji8RFfyhUpqon6qSyGM0apvr1O8n8qH8cKkEFqRPsYjuz5r83g=="
    },
    "node_modules/@types/node": {
      "resolved": "../node_modules/.pnpm/@types+node@18.15.5/node_modules/@types/node",
      "link": true
    },
    "node_modules/@types/string-similarity": {
      "resolved": "../node_modules/.pnpm/@types+string-similarity@4.0.0/node_modules/@types/string-similarity",
      "link": true
    },
    "node_modules/playwright": {
      "resolved": "../node_modules/.pnpm/playwright@1.31.2/node_modules/playwright",
      "link": true
    },
    "node_modules/playwright-extra": {
      "resolved": "../node_modules/.pnpm/playwright-extra@4.3.6_playwright@1.31.2/node_modules/playwright-extra",
      "link": true
    },
    "node_modules/prisma": {
      "resolved": "../node_modules/.pnpm/prisma@4.11.0/node_modules/prisma",
      "link": true
    },
    "node_modules/puppeteer-extra-plugin-stealth": {
      "resolved": "../node_modules/.pnpm/puppeteer-extra-plugin-stealth@2.11.2_playwright-extra@4.3.6/node_modules/puppeteer-extra-plugin-stealth",
      "link": true
    },
    "node_modules/string-similarity": {
      "resolved": "../node_modules/.pnpm/string-similarity@4.0.4/node_modules/string-similarity",
      "link": true
    },
    "node_modules/sucrase": {
      "resolved": "../node_modules/.pnpm/sucrase@3.32.0/node_modules/sucrase",
      "link": true
    },
    "node_modules/typescript": {
      "resolved": "../node_modules/.pnpm/typescript@5.0.4/node_modules/typescript",
      "link": true
    }
  },
  "dependencies": {
    "@prisma/client": {
      "version": "4.11.0",
      "resolved": "https://registry.npmjs.org/@prisma/client/-/client-4.11.0.tgz",
      "integrity": "sha512-0INHYkQIqgAjrt7NzhYpeDQi8x3Nvylc2uDngKyFDDj1tTRQ4uV1HnVmd1sQEraeVAN63SOK0dgCKQHlvjL0KA==",
      "requires": {
        "@prisma/engines-version": "4.11.0-57.8fde8fef4033376662cad983758335009d522acb"
      }
    },
    "@prisma/engines-version": {
      "version": "4.11.0-57.8fde8fef4033376662cad983758335009d522acb",
      "resolved": "https://registry.npmjs.org/@prisma/engines-version/-/engines-version-4.11.0-57.8fde8fef4033376662cad983758335009d522acb.tgz",
      "integrity": "sha512-3Vd8Qq06d5xD8Ch5WauWcUUrsVPdMC6Ge8ILji8RFfyhUpqon6qSyGM0apvr1O8n8qH8cKkEFqRPsYjuz5r83g=="
    },
    "@types/node": {
      "version": "file:../node_modules/.pnpm/@types+node@18.15.5/node_modules/@types/node"
    },
    "@types/string-similarity": {
      "version": "file:../node_modules/.pnpm/@types+string-similarity@4.0.0/node_modules/@types/string-similarity"
    },
    "playwright": {
      "version": "file:../node_modules/.pnpm/playwright@1.31.2/node_modules/playwright",
      "requires": {
        "playwright-core": "1.31.2"
      }
    },
    "playwright-extra": {
      "version": "file:../node_modules/.pnpm/playwright-extra@4.3.6_playwright@1.31.2/node_modules/playwright-extra",
      "requires": {
        "@playwright/test": "^1.23.1",
        "@types/debug": "^4.1.7",
        "@types/node": "^18.0.0",
        "debug": "^4.3.4",
        "esbuild": "^0.14.47",
        "esbuild-register": "^3.3.3",
        "npm-run-all": "^4.1.5",
        "playwright": "1.24.2",
        "prettier": "^2.7.1",
        "puppeteer-extra-plugin": "^3.2.3",
        "puppeteer-extra-plugin-anonymize-ua": "^2.4.5",
        "rimraf": "^3.0.0",
        "rollup": "^1.27.5",
        "rollup-plugin-commonjs": "^10.1.0",
        "rollup-plugin-node-resolve": "^5.2.0",
        "rollup-plugin-sourcemaps": "^0.4.2",
        "rollup-plugin-typescript2": "^0.25.2",
        "typescript": "4.4.3"
      }
    },
    "prisma": {
      "version": "file:../node_modules/.pnpm/prisma@4.11.0/node_modules/prisma",
      "requires": {
        "@prisma/client": "4.11.0",
        "@prisma/debug": "4.11.0",
        "@prisma/engines": "4.11.0",
        "@prisma/fetch-engine": "4.11.0",
        "@prisma/generator-helper": "4.11.0",
        "@prisma/get-platform": "4.11.0",
        "@prisma/internals": "4.11.0",
        "@prisma/migrate": "4.11.0",
        "@prisma/studio": "0.483.0",
        "@prisma/studio-server": "0.483.0",
        "@swc/core": "1.3.32",
        "@swc/jest": "0.2.24",
        "@types/debug": "4.1.7",
        "@types/fs-extra": "9.0.13",
        "@types/jest": "29.4.0",
        "@types/rimraf": "3.0.2",
        "chalk": "4.1.2",
        "checkpoint-client": "1.1.23",
        "debug": "4.3.4",
        "dotenv": "16.0.3",
        "esbuild": "0.15.13",
        "execa": "5.1.1",
        "fast-deep-equal": "3.1.3",
        "fast-glob": "3.2.12",
        "fs-extra": "11.1.0",
        "fs-jetpack": "5.1.0",
        "get-port": "5.1.1",
        "global-dirs": "3.0.1",
        "is-installed-globally": "0.4.0",
        "jest": "29.4.1",
        "jest-junit": "15.0.0",
        "line-replace": "2.0.1",
        "log-update": "4.0.0",
        "node-fetch": "2.6.9",
        "open": "7.4.2",
        "pkg-up": "3.1.0",
        "resolve-pkg": "2.0.0",
        "rimraf": "3.0.2",
        "strip-ansi": "6.0.1",
        "ts-pattern": "4.1.3",
        "typescript": "4.9.5"
      }
    },
    "puppeteer-extra-plugin-stealth": {
      "version": "file:../node_modules/.pnpm/puppeteer-extra-plugin-stealth@2.11.2_playwright-extra@4.3.6/node_modules/puppeteer-extra-plugin-stealth",
      "requires": {
        "ava": "2.4.0",
        "debug": "^4.1.1",
        "documentation-markdown-themes": "^12.1.5",
        "fpcollect": "^1.0.4",
        "fpscanner": "^0.1.5",
        "loop": "^3.0.6",
        "npm-run-all": "^4.1.5",
        "puppeteer": "9",
        "puppeteer-extra-plugin": "^3.2.3",
        "puppeteer-extra-plugin-user-preferences": "^2.4.1"
      }
    },
    "string-similarity": {
      "version": "file:../node_modules/.pnpm/string-similarity@4.0.4/node_modules/string-similarity",
      "requires": {
        "jasmine": "^3.6.3",
        "webpack": "^5.11.1",
        "webpack-cli": "^4.3.1"
      }
    },
    "sucrase": {
      "version": "file:../node_modules/.pnpm/sucrase@3.32.0/node_modules/sucrase",
      "requires": {
        "@babel/core": "^7.18.6",
        "@jridgewell/gen-mapping": "^0.3.2",
        "@jridgewell/trace-mapping": "^0.3.18",
        "@types/glob": "^7",
        "@types/mocha": "^9.1.1",
        "@types/mz": "^2.7.4",
        "@types/node": "^17.0.41",
        "@typescript-eslint/eslint-plugin": "^5.27.1",
        "@typescript-eslint/parser": "^5.27.1",
        "chalk": "^4",
        "codecov": "^3.8.3",
        "commander": "^4.0.0",
        "eslint": "^8.17.0",
        "eslint-config-airbnb-base": "^15.0.0",
        "eslint-config-prettier": "^8.5.0",
        "eslint-plugin-import": "~2.26",
        "eslint-plugin-prettier": "^4.0.0",
        "glob": "7.1.6",
        "lines-and-columns": "^1.1.6",
        "mocha": "^10.0.0",
        "mz": "^2.7.0",
        "nyc": "^15.1.0",
        "pirates": "^4.0.1",
        "prettier": "^2.6.2",
        "sucrase": "^3.31.0",
        "test262-harness": "^10.0.0",
        "ts-interface-builder": "^0.3.3",
        "ts-interface-checker": "^0.1.9",
        "typescript": "~4.7"
      }
    },
    "typescript": {
      "version": "file:../node_modules/.pnpm/typescript@5.0.4/node_modules/typescript",
      "requires": {
        "@esfx/canceltoken": "^1.0.0",
        "@octokit/rest": "latest",
        "@types/chai": "^4.3.4",
        "@types/fs-extra": "^9.0.13",
        "@types/glob": "^8.1.0",
        "@types/microsoft__typescript-etw": "^0.1.1",
        "@types/minimist": "^1.2.2",
        "@types/mocha": "^10.0.1",
        "@types/ms": "^0.7.31",
        "@types/node": "latest",
        "@types/source-map-support": "^0.5.6",
        "@types/which": "^2.0.1",
        "@typescript-eslint/eslint-plugin": "^5.33.1",
        "@typescript-eslint/parser": "^5.33.1",
        "@typescript-eslint/utils": "^5.33.1",
        "azure-devops-node-api": "^11.2.0",
        "chai": "^4.3.7",
        "chalk": "^4.1.2",
        "chokidar": "^3.5.3",
        "del": "^6.1.1",
        "diff": "^5.1.0",
        "esbuild": "^0.17.2",
        "eslint": "^8.22.0",
        "eslint-formatter-autolinkable-stylish": "^1.2.0",
        "eslint-plugin-import": "^2.26.0",
        "eslint-plugin-local": "^1.0.0",
        "eslint-plugin-no-null": "^1.0.2",
        "eslint-plugin-simple-import-sort": "^10.0.0",
        "fast-xml-parser": "^4.0.11",
        "fs-extra": "^9.1.0",
        "glob": "^8.1.0",
        "hereby": "^1.6.4",
        "jsonc-parser": "^3.2.0",
        "minimist": "^1.2.8",
        "mocha": "^10.2.0",
        "mocha-fivemat-progress-reporter": "^0.1.0",
        "ms": "^2.1.3",
        "node-fetch": "^3.2.10",
        "source-map-support": "^0.5.21",
        "typescript": "5.0.0-dev.20230112",
        "which": "^2.0.2"
      }
    }
  }
}
